
Microsoft Visual Studio Solution File, Format Version 12.00
# Visual Studio Version 16
VisualStudioVersion = 16.0.31313.79
MinimumVisualStudioVersion = 10.0.40219.1
Project("{9A19103F-16F7-4668-BE54-9A1E7A4F7556}") = "RomanNumerals", "RomanNumerals\RomanNumerals.csproj", "{BCF79E55-4258-41CD-B19F-B208BF9EB58C}"
EndProject
Project("{9A19103F-16F7-4668-BE54-9A1E7A4F7556}") = "UnitTests", "UnitTests\UnitTests.csproj", "{2EDEF991-5F69-495E-B23B-54C21E670EBA}"
EndProject
Project("{FAE04EC0-301F-11D3-BF4B-00C04F79EFBC}") = "RomanNumeralsAPI", "RomanNumeralsAPI\RomanNumeralsAPI.csproj", "{675EEE83-1C25-4FF6-AA8E-7D9CD7153D71}"
EndProject
Global
	GlobalSection(SolutionConfigurationPlatforms) = preSolution
		Debug|Any CPU = Debug|Any CPU
		Release|Any CPU = Release|Any CPU
	EndGlobalSection
	GlobalSection(ProjectConfigurationPlatforms) = postSolution
		{BCF79E55-4258-41CD-B19F-B208BF9EB58C}.Debug|Any CPU.ActiveCfg = Debug|Any CPU
		{BCF79E55-4258-41CD-B19F-B208BF9EB58C}.Debug|Any CPU.Build.0 = Debug|Any CPU
		{BCF79E55-4258-41CD-B19F-B208BF9EB58C}.Release|Any CPU.ActiveCfg = Release|Any CPU
		{BCF79E55-4258-41CD-B19F-B208BF9EB58C}.Release|Any CPU.Build.0 = Release|Any CPU
		{2EDEF991-5F69-495E-B23B-54C21E670EBA}.Debug|Any CPU.ActiveCfg = Debug|Any CPU
		{2EDEF991-5F69-495E-B23B-54C21E670EBA}.Debug|Any CPU.Build.0 = Debug|Any CPU
		{2EDEF991-5F69-495E-B23B-54C21E670EBA}.Release|Any CPU.ActiveCfg = Release|Any CPU
		{2EDEF991-5F69-495E-B23B-54C21E670EBA}.Release|Any CPU.Build.0 = Release|Any CPU
		{675EEE83-1C25-4FF6-AA8E-7D9CD7153D71}.Debug|Any CPU.ActiveCfg = Debug|Any CPU
		{675EEE83-1C25-4FF6-AA8E-7D9CD7153D71}.Debug|Any CPU.Build.0 = Debug|Any CPU
		{675EEE83-1C25-4FF6-AA8E-7D9CD7153D71}.Release|Any CPU.ActiveCfg = Release|Any CPU
		{675EEE83-1C25-4FF6-AA8E-7D9CD7153D71}.Release|Any CPU.Build.0 = Release|Any CPU
	EndGlobalSection
	GlobalSection(SolutionProperties) = preSolution
		HideSolutionNode = FALSE
	EndGlobalSection
	GlobalSection(ExtensibilityGlobals) = postSolution
		SolutionGuid = {57CDE72D-335C-48E7-9A2F-09EE3CE7744C}
	EndGlobalSection
EndGlobal
